
Microsoft Visual Studio Solution File, Format Version 12.00
# Visual Studio Version 17
VisualStudioVersion = 17.1.32210.238
MinimumVisualStudioVersion = 10.0.40219.1
Project("{FAE04EC0-301F-11D3-BF4B-00C04F79EFBC}") = "Zhangsicheng0219WindowsFormsApp1", "Zhangsicheng0219WindowsFormsApp1\Zhangsicheng0219WindowsFormsApp1.csproj", "{B8572E00-D5F5-4084-B812-2A0F5D9F1093}"
EndProject
Global
	GlobalSection(SolutionConfigurationPlatforms) = preSolution
		Debug|Any CPU = Debug|Any CPU
		Release|Any CPU = Release|Any CPU
	EndGlobalSection
	GlobalSection(ProjectConfigurationPlatforms) = postSolution
		{B8572E00-D5F5-4084-B812-2A0F5D9F1093}.Debug|Any CPU.ActiveCfg = Debug|Any CPU
		{B8572E00-D5F5-4084-B812-2A0F5D9F1093}.Debug|Any CPU.Build.0 = Debug|Any CPU
		{B8572E00-D5F5-4084-B812-2A0F5D9F1093}.Release|Any CPU.ActiveCfg = Release|Any CPU
		{B8572E00-D5F5-4084-B812-2A0F5D9F1093}.Release|Any CPU.Build.0 = Release|Any CPU
	EndGlobalSection
	GlobalSection(SolutionProperties) = preSolution
		HideSolutionNode = FALSE
	EndGlobalSection
	GlobalSection(ExtensibilityGlobals) = postSolution
		SolutionGuid = {D3815CF3-BFC9-4641-85B3-0D93485147F6}
	EndGlobalSection
EndGlobal
